// !$*UTF8*$!
{
	archiveVersion = 1;
	classes = {
	};
	objectVersion = 50;
	objects = {

/* Begin PBXBuildFile section */
		B7D65656226B89D40006DBB6 /* RouterInterface.swift in Sources */ = {isa = PBXBuildFile; fileRef = B7D65655226B89D40006DBB6 /* RouterInterface.swift */; };
		B7D65658226B8A750006DBB6 /* RestaurantListRouter.swift in Sources */ = {isa = PBXBuildFile; fileRef = B7D65657226B8A750006DBB6 /* RestaurantListRouter.swift */; };
		B7D6565A226B8A940006DBB6 /* RestaurantList.storyboard in Resources */ = {isa = PBXBuildFile; fileRef = B7D65659226B8A940006DBB6 /* RestaurantList.storyboard */; };
		B7D6565C226B8B010006DBB6 /* RestaurantListRouterInterface.swift in Sources */ = {isa = PBXBuildFile; fileRef = B7D6565B226B8B010006DBB6 /* RestaurantListRouterInterface.swift */; };
		B7D6565F226B8B620006DBB6 /* UIStoryboard+Generic.swift in Sources */ = {isa = PBXBuildFile; fileRef = B7D6565E226B8B620006DBB6 /* UIStoryboard+Generic.swift */; };
		B7D65661226B8B8F0006DBB6 /* RestaurantListViewController.swift in Sources */ = {isa = PBXBuildFile; fileRef = B7D65660226B8B8F0006DBB6 /* RestaurantListViewController.swift */; };
		B7D65663226B8BD30006DBB6 /* RestaurantListPresenter.swift in Sources */ = {isa = PBXBuildFile; fileRef = B7D65662226B8BD30006DBB6 /* RestaurantListPresenter.swift */; };
		B7D65669226B8CA40006DBB6 /* RestaurantListInteractorInterface.swift in Sources */ = {isa = PBXBuildFile; fileRef = B7D65668226B8CA40006DBB6 /* RestaurantListInteractorInterface.swift */; };
		B7D6566B226B8CB30006DBB6 /* RestaurantListInteractor.swift in Sources */ = {isa = PBXBuildFile; fileRef = B7D6566A226B8CB30006DBB6 /* RestaurantListInteractor.swift */; };
		B7D6566D226B8D450006DBB6 /* RestaurantListPresenterInterface.swift in Sources */ = {isa = PBXBuildFile; fileRef = B7D6566C226B8D450006DBB6 /* RestaurantListPresenterInterface.swift */; };
		B7D65673226B8F1E0006DBB6 /* RestaurantListViewInterface.swift in Sources */ = {isa = PBXBuildFile; fileRef = B7D65672226B8F1E0006DBB6 /* RestaurantListViewInterface.swift */; };
		B7D65678226B954A0006DBB6 /* RestaurantListViewModelBuilder.swift in Sources */ = {isa = PBXBuildFile; fileRef = B7D65677226B954A0006DBB6 /* RestaurantListViewModelBuilder.swift */; };
		B7D6567A226B95620006DBB6 /* RestaurantListViewModelBuilderInterface.swift in Sources */ = {isa = PBXBuildFile; fileRef = B7D65679226B95620006DBB6 /* RestaurantListViewModelBuilderInterface.swift */; };
		B7D6567C226BA97E0006DBB6 /* RestaurantCell.swift in Sources */ = {isa = PBXBuildFile; fileRef = B7D6567B226BA97E0006DBB6 /* RestaurantCell.swift */; };
		B7D6567F226BABBF0006DBB6 /* RestaurantViewModel.swift in Sources */ = {isa = PBXBuildFile; fileRef = B7D6567E226BABBF0006DBB6 /* RestaurantViewModel.swift */; };
		B7D65681226BB04C0006DBB6 /* UITableView+Generic.swift in Sources */ = {isa = PBXBuildFile; fileRef = B7D65680226BB04C0006DBB6 /* UITableView+Generic.swift */; };
		B7D65685226CE5D90006DBB6 /* Identifier.swift in Sources */ = {isa = PBXBuildFile; fileRef = B7D65684226CE5D90006DBB6 /* Identifier.swift */; };
		B7D76DE822665FB600FE9201 /* AppDelegate.swift in Sources */ = {isa = PBXBuildFile; fileRef = B7D76DE722665FB600FE9201 /* AppDelegate.swift */; };
		B7D76DEF22665FB800FE9201 /* Assets.xcassets in Resources */ = {isa = PBXBuildFile; fileRef = B7D76DEE22665FB800FE9201 /* Assets.xcassets */; };
		B7D76DF222665FB800FE9201 /* LaunchScreen.storyboard in Resources */ = {isa = PBXBuildFile; fileRef = B7D76DF022665FB800FE9201 /* LaunchScreen.storyboard */; };
		B7D76DFD22665FB800FE9201 /* RestaurantsTests.swift in Sources */ = {isa = PBXBuildFile; fileRef = B7D76DFC22665FB800FE9201 /* RestaurantsTests.swift */; };
		B7D76E0A226661B200FE9201 /* RestaurantListServiceInterface.swift in Sources */ = {isa = PBXBuildFile; fileRef = B7D76E09226661B200FE9201 /* RestaurantListServiceInterface.swift */; };
		B7D76E0C2266627E00FE9201 /* Restaurant.swift in Sources */ = {isa = PBXBuildFile; fileRef = B7D76E0B2266627E00FE9201 /* Restaurant.swift */; };
		B7D76E0F2266629A00FE9201 /* RestaurantList.swift in Sources */ = {isa = PBXBuildFile; fileRef = B7D76E0E2266629A00FE9201 /* RestaurantList.swift */; };
		B7DD2C762268FEA80097C075 /* DataProviderServiceInterface.swift in Sources */ = {isa = PBXBuildFile; fileRef = B7DD2C752268FEA80097C075 /* DataProviderServiceInterface.swift */; };
		B7DD2C782268FFB00097C075 /* RestaurantListService.swift in Sources */ = {isa = PBXBuildFile; fileRef = B7DD2C772268FFB00097C075 /* RestaurantListService.swift */; };
		B7DD2C7A226903200097C075 /* DataProviderService.swift in Sources */ = {isa = PBXBuildFile; fileRef = B7DD2C79226903200097C075 /* DataProviderService.swift */; };
		B7DD2C7D22690CF80097C075 /* Localizable.strings in Resources */ = {isa = PBXBuildFile; fileRef = B7DD2C7C22690CF80097C075 /* Localizable.strings */; };
		B7DD2C8022690D6A0097C075 /* String+Localizable.swift in Sources */ = {isa = PBXBuildFile; fileRef = B7DD2C7F22690D6A0097C075 /* String+Localizable.swift */; };
/* End PBXBuildFile section */

/* Begin PBXContainerItemProxy section */
		B7D76DF922665FB800FE9201 /* PBXContainerItemProxy */ = {
			isa = PBXContainerItemProxy;
			containerPortal = B7D76DDC22665FB600FE9201 /* Project object */;
			proxyType = 1;
			remoteGlobalIDString = B7D76DE322665FB600FE9201;
			remoteInfo = Restaurants;
		};
/* End PBXContainerItemProxy section */

/* Begin PBXFileReference section */
		B7D65655226B89D40006DBB6 /* RouterInterface.swift */ = {isa = PBXFileReference; lastKnownFileType = sourcecode.swift; path = RouterInterface.swift; sourceTree = "<group>"; };
		B7D65657226B8A750006DBB6 /* RestaurantListRouter.swift */ = {isa = PBXFileReference; lastKnownFileType = sourcecode.swift; path = RestaurantListRouter.swift; sourceTree = "<group>"; };
		B7D65659226B8A940006DBB6 /* RestaurantList.storyboard */ = {isa = PBXFileReference; lastKnownFileType = file.storyboard; path = RestaurantList.storyboard; sourceTree = "<group>"; };
		B7D6565B226B8B010006DBB6 /* RestaurantListRouterInterface.swift */ = {isa = PBXFileReference; lastKnownFileType = sourcecode.swift; path = RestaurantListRouterInterface.swift; sourceTree = "<group>"; };
		B7D6565E226B8B620006DBB6 /* UIStoryboard+Generic.swift */ = {isa = PBXFileReference; lastKnownFileType = sourcecode.swift; path = "UIStoryboard+Generic.swift"; sourceTree = "<group>"; };
		B7D65660226B8B8F0006DBB6 /* RestaurantListViewController.swift */ = {isa = PBXFileReference; lastKnownFileType = sourcecode.swift; path = RestaurantListViewController.swift; sourceTree = "<group>"; };
		B7D65662226B8BD30006DBB6 /* RestaurantListPresenter.swift */ = {isa = PBXFileReference; lastKnownFileType = sourcecode.swift; path = RestaurantListPresenter.swift; sourceTree = "<group>"; };
		B7D65668226B8CA40006DBB6 /* RestaurantListInteractorInterface.swift */ = {isa = PBXFileReference; lastKnownFileType = sourcecode.swift; path = RestaurantListInteractorInterface.swift; sourceTree = "<group>"; };
		B7D6566A226B8CB30006DBB6 /* RestaurantListInteractor.swift */ = {isa = PBXFileReference; lastKnownFileType = sourcecode.swift; path = RestaurantListInteractor.swift; sourceTree = "<group>"; };
		B7D6566C226B8D450006DBB6 /* RestaurantListPresenterInterface.swift */ = {isa = PBXFileReference; lastKnownFileType = sourcecode.swift; path = RestaurantListPresenterInterface.swift; sourceTree = "<group>"; };
		B7D65672226B8F1E0006DBB6 /* RestaurantListViewInterface.swift */ = {isa = PBXFileReference; lastKnownFileType = sourcecode.swift; path = RestaurantListViewInterface.swift; sourceTree = "<group>"; };
		B7D65677226B954A0006DBB6 /* RestaurantListViewModelBuilder.swift */ = {isa = PBXFileReference; lastKnownFileType = sourcecode.swift; path = RestaurantListViewModelBuilder.swift; sourceTree = "<group>"; };
		B7D65679226B95620006DBB6 /* RestaurantListViewModelBuilderInterface.swift */ = {isa = PBXFileReference; lastKnownFileType = sourcecode.swift; path = RestaurantListViewModelBuilderInterface.swift; sourceTree = "<group>"; };
		B7D6567B226BA97E0006DBB6 /* RestaurantCell.swift */ = {isa = PBXFileReference; lastKnownFileType = sourcecode.swift; path = RestaurantCell.swift; sourceTree = "<group>"; };
		B7D6567E226BABBF0006DBB6 /* RestaurantViewModel.swift */ = {isa = PBXFileReference; lastKnownFileType = sourcecode.swift; path = RestaurantViewModel.swift; sourceTree = "<group>"; };
		B7D65680226BB04C0006DBB6 /* UITableView+Generic.swift */ = {isa = PBXFileReference; lastKnownFileType = sourcecode.swift; path = "UITableView+Generic.swift"; sourceTree = "<group>"; };
		B7D65684226CE5D90006DBB6 /* Identifier.swift */ = {isa = PBXFileReference; lastKnownFileType = sourcecode.swift; path = Identifier.swift; sourceTree = "<group>"; };
		B7D76DE422665FB600FE9201 /* Restaurants.app */ = {isa = PBXFileReference; explicitFileType = wrapper.application; includeInIndex = 0; path = Restaurants.app; sourceTree = BUILT_PRODUCTS_DIR; };
		B7D76DE722665FB600FE9201 /* AppDelegate.swift */ = {isa = PBXFileReference; lastKnownFileType = sourcecode.swift; path = AppDelegate.swift; sourceTree = "<group>"; };
		B7D76DEE22665FB800FE9201 /* Assets.xcassets */ = {isa = PBXFileReference; lastKnownFileType = folder.assetcatalog; path = Assets.xcassets; sourceTree = "<group>"; };
		B7D76DF122665FB800FE9201 /* Base */ = {isa = PBXFileReference; lastKnownFileType = file.storyboard; name = Base; path = Base.lproj/LaunchScreen.storyboard; sourceTree = "<group>"; };
		B7D76DF322665FB800FE9201 /* Info.plist */ = {isa = PBXFileReference; lastKnownFileType = text.plist.xml; path = Info.plist; sourceTree = "<group>"; };
		B7D76DF822665FB800FE9201 /* RestaurantsTests.xctest */ = {isa = PBXFileReference; explicitFileType = wrapper.cfbundle; includeInIndex = 0; path = RestaurantsTests.xctest; sourceTree = BUILT_PRODUCTS_DIR; };
		B7D76DFC22665FB800FE9201 /* RestaurantsTests.swift */ = {isa = PBXFileReference; lastKnownFileType = sourcecode.swift; path = RestaurantsTests.swift; sourceTree = "<group>"; };
		B7D76DFE22665FB800FE9201 /* Info.plist */ = {isa = PBXFileReference; lastKnownFileType = text.plist.xml; path = Info.plist; sourceTree = "<group>"; };
		B7D76E09226661B200FE9201 /* RestaurantListServiceInterface.swift */ = {isa = PBXFileReference; lastKnownFileType = sourcecode.swift; path = RestaurantListServiceInterface.swift; sourceTree = "<group>"; };
		B7D76E0B2266627E00FE9201 /* Restaurant.swift */ = {isa = PBXFileReference; lastKnownFileType = sourcecode.swift; path = Restaurant.swift; sourceTree = "<group>"; };
		B7D76E0E2266629A00FE9201 /* RestaurantList.swift */ = {isa = PBXFileReference; lastKnownFileType = sourcecode.swift; path = RestaurantList.swift; sourceTree = "<group>"; };
		B7DD2C752268FEA80097C075 /* DataProviderServiceInterface.swift */ = {isa = PBXFileReference; lastKnownFileType = sourcecode.swift; path = DataProviderServiceInterface.swift; sourceTree = "<group>"; };
		B7DD2C772268FFB00097C075 /* RestaurantListService.swift */ = {isa = PBXFileReference; lastKnownFileType = sourcecode.swift; path = RestaurantListService.swift; sourceTree = "<group>"; };
		B7DD2C79226903200097C075 /* DataProviderService.swift */ = {isa = PBXFileReference; lastKnownFileType = sourcecode.swift; path = DataProviderService.swift; sourceTree = "<group>"; };
		B7DD2C7C22690CF80097C075 /* Localizable.strings */ = {isa = PBXFileReference; lastKnownFileType = text.plist.strings; path = Localizable.strings; sourceTree = "<group>"; };
		B7DD2C7F22690D6A0097C075 /* String+Localizable.swift */ = {isa = PBXFileReference; lastKnownFileType = sourcecode.swift; path = "String+Localizable.swift"; sourceTree = "<group>"; };
/* End PBXFileReference section */

/* Begin PBXFrameworksBuildPhase section */
		B7D76DE122665FB600FE9201 /* Frameworks */ = {
			isa = PBXFrameworksBuildPhase;
			buildActionMask = 2147483647;
			files = (
			);
			runOnlyForDeploymentPostprocessing = 0;
		};
		B7D76DF522665FB800FE9201 /* Frameworks */ = {
			isa = PBXFrameworksBuildPhase;
			buildActionMask = 2147483647;
			files = (
			);
			runOnlyForDeploymentPostprocessing = 0;
		};
/* End PBXFrameworksBuildPhase section */

/* Begin PBXGroup section */
		B7D6564E226B88B80006DBB6 /* Screens */ = {
			isa = PBXGroup;
			children = (
				B7D6564F226B88FA0006DBB6 /* RestaurantList */,
			);
			path = Screens;
			sourceTree = "<group>";
		};
		B7D6564F226B88FA0006DBB6 /* RestaurantList */ = {
			isa = PBXGroup;
			children = (
				B7D65653226B89270006DBB6 /* Router */,
				B7D65652226B891F0006DBB6 /* Interactor */,
				B7D65651226B89160006DBB6 /* Presenter */,
				B7D65650226B89120006DBB6 /* View */,
			);
			path = RestaurantList;
			sourceTree = "<group>";
		};
		B7D65650226B89120006DBB6 /* View */ = {
			isa = PBXGroup;
			children = (
				B7D65659226B8A940006DBB6 /* RestaurantList.storyboard */,
				B7D65660226B8B8F0006DBB6 /* RestaurantListViewController.swift */,
				B7D65672226B8F1E0006DBB6 /* RestaurantListViewInterface.swift */,
				B7D6567B226BA97E0006DBB6 /* RestaurantCell.swift */,
			);
			path = View;
			sourceTree = "<group>";
		};
		B7D65651226B89160006DBB6 /* Presenter */ = {
			isa = PBXGroup;
			children = (
				B7D6567D226BABA70006DBB6 /* ViewModel */,
				B7D65662226B8BD30006DBB6 /* RestaurantListPresenter.swift */,
				B7D6566C226B8D450006DBB6 /* RestaurantListPresenterInterface.swift */,
				B7D65677226B954A0006DBB6 /* RestaurantListViewModelBuilder.swift */,
				B7D65679226B95620006DBB6 /* RestaurantListViewModelBuilderInterface.swift */,
			);
			path = Presenter;
			sourceTree = "<group>";
		};
		B7D65652226B891F0006DBB6 /* Interactor */ = {
			isa = PBXGroup;
			children = (
				B7D65668226B8CA40006DBB6 /* RestaurantListInteractorInterface.swift */,
				B7D6566A226B8CB30006DBB6 /* RestaurantListInteractor.swift */,
			);
			path = Interactor;
			sourceTree = "<group>";
		};
		B7D65653226B89270006DBB6 /* Router */ = {
			isa = PBXGroup;
			children = (
				B7D65657226B8A750006DBB6 /* RestaurantListRouter.swift */,
				B7D6565B226B8B010006DBB6 /* RestaurantListRouterInterface.swift */,
			);
			path = Router;
			sourceTree = "<group>";
		};
		B7D65654226B899F0006DBB6 /* VIPER */ = {
			isa = PBXGroup;
			children = (
				B7D65655226B89D40006DBB6 /* RouterInterface.swift */,
			);
			path = VIPER;
			sourceTree = "<group>";
		};
		B7D6565D226B8B550006DBB6 /* UIKit */ = {
			isa = PBXGroup;
			children = (
				B7D6565E226B8B620006DBB6 /* UIStoryboard+Generic.swift */,
				B7D65680226BB04C0006DBB6 /* UITableView+Generic.swift */,
			);
			path = UIKit;
			sourceTree = "<group>";
		};
		B7D65674226B91110006DBB6 /* AppLaunchRouter */ = {
			isa = PBXGroup;
			children = (
			);
			path = AppLaunchRouter;
			sourceTree = "<group>";
		};
		B7D6567D226BABA70006DBB6 /* ViewModel */ = {
			isa = PBXGroup;
			children = (
				B7D6567E226BABBF0006DBB6 /* RestaurantViewModel.swift */,
			);
			path = ViewModel;
			sourceTree = "<group>";
		};
		B7D76DDB22665FB600FE9201 = {
			isa = PBXGroup;
			children = (
				B7D76DE622665FB600FE9201 /* Restaurants */,
				B7D76DFB22665FB800FE9201 /* RestaurantsTests */,
				B7D76DE522665FB600FE9201 /* Products */,
			);
			sourceTree = "<group>";
		};
		B7D76DE522665FB600FE9201 /* Products */ = {
			isa = PBXGroup;
			children = (
				B7D76DE422665FB600FE9201 /* Restaurants.app */,
				B7D76DF822665FB800FE9201 /* RestaurantsTests.xctest */,
			);
			name = Products;
			sourceTree = "<group>";
		};
		B7D76DE622665FB600FE9201 /* Restaurants */ = {
			isa = PBXGroup;
			children = (
				B7D6564E226B88B80006DBB6 /* Screens */,
				B7DD2C7E22690D530097C075 /* Helpers */,
				B7DD2C7B22690CDF0097C075 /* Resources */,
				B7D76E072266614F00FE9201 /* Services */,
				B7D76DE722665FB600FE9201 /* AppDelegate.swift */,
				B7D76DEE22665FB800FE9201 /* Assets.xcassets */,
				B7D76DF022665FB800FE9201 /* LaunchScreen.storyboard */,
				B7D76DF322665FB800FE9201 /* Info.plist */,
			);
			path = Restaurants;
			sourceTree = "<group>";
		};
		B7D76DFB22665FB800FE9201 /* RestaurantsTests */ = {
			isa = PBXGroup;
			children = (
				B7D76DFC22665FB800FE9201 /* RestaurantsTests.swift */,
				B7D76DFE22665FB800FE9201 /* Info.plist */,
			);
			path = RestaurantsTests;
			sourceTree = "<group>";
		};
		B7D76E072266614F00FE9201 /* Services */ = {
			isa = PBXGroup;
			children = (
				B7D65674226B91110006DBB6 /* AppLaunchRouter */,
				B7DD2C742268FE810097C075 /* NetworkProviderService */,
				B7D76E082266615900FE9201 /* RestaurantListService */,
			);
			path = Services;
			sourceTree = "<group>";
		};
		B7D76E082266615900FE9201 /* RestaurantListService */ = {
			isa = PBXGroup;
			children = (
				B7D76E0D2266628200FE9201 /* Models */,
				B7D76E09226661B200FE9201 /* RestaurantListServiceInterface.swift */,
				B7DD2C772268FFB00097C075 /* RestaurantListService.swift */,
			);
			path = RestaurantListService;
			sourceTree = "<group>";
		};
		B7D76E0D2266628200FE9201 /* Models */ = {
			isa = PBXGroup;
			children = (
				B7D76E0B2266627E00FE9201 /* Restaurant.swift */,
				B7D76E0E2266629A00FE9201 /* RestaurantList.swift */,
			);
			path = Models;
			sourceTree = "<group>";
		};
		B7DD2C742268FE810097C075 /* NetworkProviderService */ = {
			isa = PBXGroup;
			children = (
				B7DD2C752268FEA80097C075 /* DataProviderServiceInterface.swift */,
				B7DD2C79226903200097C075 /* DataProviderService.swift */,
			);
			path = NetworkProviderService;
			sourceTree = "<group>";
		};
		B7DD2C7B22690CDF0097C075 /* Resources */ = {
			isa = PBXGroup;
			children = (
				B7DD2C7C22690CF80097C075 /* Localizable.strings */,
			);
			path = Resources;
			sourceTree = "<group>";
		};
		B7DD2C7E22690D530097C075 /* Helpers */ = {
			isa = PBXGroup;
			children = (
				B7D6565D226B8B550006DBB6 /* UIKit */,
				B7D65654226B899F0006DBB6 /* VIPER */,
				B7DD2C7F22690D6A0097C075 /* String+Localizable.swift */,
				B7D65684226CE5D90006DBB6 /* Identifier.swift */,
			);
			path = Helpers;
			sourceTree = "<group>";
		};
/* End PBXGroup section */

/* Begin PBXNativeTarget section */
		B7D76DE322665FB600FE9201 /* Restaurants */ = {
			isa = PBXNativeTarget;
			buildConfigurationList = B7D76E0122665FB800FE9201 /* Build configuration list for PBXNativeTarget "Restaurants" */;
			buildPhases = (
				B7D76DE022665FB600FE9201 /* Sources */,
				B7D76DE122665FB600FE9201 /* Frameworks */,
				B7D76DE222665FB600FE9201 /* Resources */,
			);
			buildRules = (
			);
			dependencies = (
			);
			name = Restaurants;
			productName = Restaurants;
			productReference = B7D76DE422665FB600FE9201 /* Restaurants.app */;
			productType = "com.apple.product-type.application";
		};
		B7D76DF722665FB800FE9201 /* RestaurantsTests */ = {
			isa = PBXNativeTarget;
			buildConfigurationList = B7D76E0422665FB800FE9201 /* Build configuration list for PBXNativeTarget "RestaurantsTests" */;
			buildPhases = (
				B7D76DF422665FB800FE9201 /* Sources */,
				B7D76DF522665FB800FE9201 /* Frameworks */,
				B7D76DF622665FB800FE9201 /* Resources */,
			);
			buildRules = (
			);
			dependencies = (
				B7D76DFA22665FB800FE9201 /* PBXTargetDependency */,
			);
			name = RestaurantsTests;
			productName = RestaurantsTests;
			productReference = B7D76DF822665FB800FE9201 /* RestaurantsTests.xctest */;
			productType = "com.apple.product-type.bundle.unit-test";
		};
/* End PBXNativeTarget section */

/* Begin PBXProject section */
		B7D76DDC22665FB600FE9201 /* Project object */ = {
			isa = PBXProject;
			attributes = {
				LastSwiftUpdateCheck = 1020;
				LastUpgradeCheck = 1020;
				ORGANIZATIONNAME = akuzminskyi;
				TargetAttributes = {
					B7D76DE322665FB600FE9201 = {
						CreatedOnToolsVersion = 10.2;
					};
					B7D76DF722665FB800FE9201 = {
						CreatedOnToolsVersion = 10.2;
						TestTargetID = B7D76DE322665FB600FE9201;
					};
				};
			};
			buildConfigurationList = B7D76DDF22665FB600FE9201 /* Build configuration list for PBXProject "Restaurants" */;
			compatibilityVersion = "Xcode 9.3";
			developmentRegion = en;
			hasScannedForEncodings = 0;
			knownRegions = (
				en,
				Base,
			);
			mainGroup = B7D76DDB22665FB600FE9201;
			productRefGroup = B7D76DE522665FB600FE9201 /* Products */;
			projectDirPath = "";
			projectRoot = "";
			targets = (
				B7D76DE322665FB600FE9201 /* Restaurants */,
				B7D76DF722665FB800FE9201 /* RestaurantsTests */,
			);
		};
/* End PBXProject section */

/* Begin PBXResourcesBuildPhase section */
		B7D76DE222665FB600FE9201 /* Resources */ = {
			isa = PBXResourcesBuildPhase;
			buildActionMask = 2147483647;
			files = (
				B7D76DF222665FB800FE9201 /* LaunchScreen.storyboard in Resources */,
				B7D6565A226B8A940006DBB6 /* RestaurantList.storyboard in Resources */,
				B7DD2C7D22690CF80097C075 /* Localizable.strings in Resources */,
				B7D76DEF22665FB800FE9201 /* Assets.xcassets in Resources */,
			);
			runOnlyForDeploymentPostprocessing = 0;
		};
		B7D76DF622665FB800FE9201 /* Resources */ = {
			isa = PBXResourcesBuildPhase;
			buildActionMask = 2147483647;
			files = (
			);
			runOnlyForDeploymentPostprocessing = 0;
		};
/* End PBXResourcesBuildPhase section */

/* Begin PBXSourcesBuildPhase section */
		B7D76DE022665FB600FE9201 /* Sources */ = {
			isa = PBXSourcesBuildPhase;
			buildActionMask = 2147483647;
			files = (
				B7D6565F226B8B620006DBB6 /* UIStoryboard+Generic.swift in Sources */,
				B7D65661226B8B8F0006DBB6 /* RestaurantListViewController.swift in Sources */,
				B7D65658226B8A750006DBB6 /* RestaurantListRouter.swift in Sources */,
				B7D76E0F2266629A00FE9201 /* RestaurantList.swift in Sources */,
				B7DD2C782268FFB00097C075 /* RestaurantListService.swift in Sources */,
				B7DD2C7A226903200097C075 /* DataProviderService.swift in Sources */,
				B7D6567C226BA97E0006DBB6 /* RestaurantCell.swift in Sources */,
				B7D65678226B954A0006DBB6 /* RestaurantListViewModelBuilder.swift in Sources */,
				B7D65681226BB04C0006DBB6 /* UITableView+Generic.swift in Sources */,
				B7D65673226B8F1E0006DBB6 /* RestaurantListViewInterface.swift in Sources */,
				B7D76E0C2266627E00FE9201 /* Restaurant.swift in Sources */,
				B7D76E0A226661B200FE9201 /* RestaurantListServiceInterface.swift in Sources */,
				B7D6567F226BABBF0006DBB6 /* RestaurantViewModel.swift in Sources */,
				B7DD2C8022690D6A0097C075 /* String+Localizable.swift in Sources */,
				B7D6565C226B8B010006DBB6 /* RestaurantListRouterInterface.swift in Sources */,
				B7D6566B226B8CB30006DBB6 /* RestaurantListInteractor.swift in Sources */,
				B7DD2C762268FEA80097C075 /* DataProviderServiceInterface.swift in Sources */,
				B7D65663226B8BD30006DBB6 /* RestaurantListPresenter.swift in Sources */,
				B7D65656226B89D40006DBB6 /* RouterInterface.swift in Sources */,
				B7D6566D226B8D450006DBB6 /* RestaurantListPresenterInterface.swift in Sources */,
				B7D6567A226B95620006DBB6 /* RestaurantListViewModelBuilderInterface.swift in Sources */,
				B7D65685226CE5D90006DBB6 /* Identifier.swift in Sources */,
				B7D65669226B8CA40006DBB6 /* RestaurantListInteractorInterface.swift in Sources */,
				B7D76DE822665FB600FE9201 /* AppDelegate.swift in Sources */,
			);
			runOnlyForDeploymentPostprocessing = 0;
		};
		B7D76DF422665FB800FE9201 /* Sources */ = {
			isa = PBXSourcesBuildPhase;
			buildActionMask = 2147483647;
			files = (
				B7D76DFD22665FB800FE9201 /* RestaurantsTests.swift in Sources */,
			);
			runOnlyForDeploymentPostprocessing = 0;
		};
/* End PBXSourcesBuildPhase section */

/* Begin PBXTargetDependency section */
		B7D76DFA22665FB800FE9201 /* PBXTargetDependency */ = {
			isa = PBXTargetDependency;
			target = B7D76DE322665FB600FE9201 /* Restaurants */;
			targetProxy = B7D76DF922665FB800FE9201 /* PBXContainerItemProxy */;
		};
/* End PBXTargetDependency section */

/* Begin PBXVariantGroup section */
		B7D76DF022665FB800FE9201 /* LaunchScreen.storyboard */ = {
			isa = PBXVariantGroup;
			children = (
				B7D76DF122665FB800FE9201 /* Base */,
			);
			name = LaunchScreen.storyboard;
			sourceTree = "<group>";
		};
/* End PBXVariantGroup section */

/* Begin XCBuildConfiguration section */
		B7D76DFF22665FB800FE9201 /* Debug */ = {
			isa = XCBuildConfiguration;
			buildSettings = {
				ALWAYS_SEARCH_USER_PATHS = NO;
				CLANG_ANALYZER_NONNULL = YES;
				CLANG_ANALYZER_NUMBER_OBJECT_CONVERSION = YES_AGGRESSIVE;
				CLANG_CXX_LANGUAGE_STANDARD = "gnu++14";
				CLANG_CXX_LIBRARY = "libc++";
				CLANG_ENABLE_MODULES = YES;
				CLANG_ENABLE_OBJC_ARC = YES;
				CLANG_ENABLE_OBJC_WEAK = YES;
				CLANG_WARN_BLOCK_CAPTURE_AUTORELEASING = YES;
				CLANG_WARN_BOOL_CONVERSION = YES;
				CLANG_WARN_COMMA = YES;
				CLANG_WARN_CONSTANT_CONVERSION = YES;
				CLANG_WARN_DEPRECATED_OBJC_IMPLEMENTATIONS = YES;
				CLANG_WARN_DIRECT_OBJC_ISA_USAGE = YES_ERROR;
				CLANG_WARN_DOCUMENTATION_COMMENTS = YES;
				CLANG_WARN_EMPTY_BODY = YES;
				CLANG_WARN_ENUM_CONVERSION = YES;
				CLANG_WARN_INFINITE_RECURSION = YES;
				CLANG_WARN_INT_CONVERSION = YES;
				CLANG_WARN_NON_LITERAL_NULL_CONVERSION = YES;
				CLANG_WARN_OBJC_IMPLICIT_RETAIN_SELF = YES;
				CLANG_WARN_OBJC_LITERAL_CONVERSION = YES;
				CLANG_WARN_OBJC_ROOT_CLASS = YES_ERROR;
				CLANG_WARN_RANGE_LOOP_ANALYSIS = YES;
				CLANG_WARN_STRICT_PROTOTYPES = YES;
				CLANG_WARN_SUSPICIOUS_MOVE = YES;
				CLANG_WARN_UNGUARDED_AVAILABILITY = YES_AGGRESSIVE;
				CLANG_WARN_UNREACHABLE_CODE = YES;
				CLANG_WARN__DUPLICATE_METHOD_MATCH = YES;
				CODE_SIGN_IDENTITY = "iPhone Developer";
				COPY_PHASE_STRIP = NO;
				DEBUG_INFORMATION_FORMAT = dwarf;
				ENABLE_STRICT_OBJC_MSGSEND = YES;
				ENABLE_TESTABILITY = YES;
				GCC_C_LANGUAGE_STANDARD = gnu11;
				GCC_DYNAMIC_NO_PIC = NO;
				GCC_NO_COMMON_BLOCKS = YES;
				GCC_OPTIMIZATION_LEVEL = 0;
				GCC_PREPROCESSOR_DEFINITIONS = (
					"DEBUG=1",
					"$(inherited)",
				);
				GCC_WARN_64_TO_32_BIT_CONVERSION = YES;
				GCC_WARN_ABOUT_RETURN_TYPE = YES_ERROR;
				GCC_WARN_UNDECLARED_SELECTOR = YES;
				GCC_WARN_UNINITIALIZED_AUTOS = YES_AGGRESSIVE;
				GCC_WARN_UNUSED_FUNCTION = YES;
				GCC_WARN_UNUSED_VARIABLE = YES;
				IPHONEOS_DEPLOYMENT_TARGET = 11.0;
				MTL_ENABLE_DEBUG_INFO = INCLUDE_SOURCE;
				MTL_FAST_MATH = YES;
				ONLY_ACTIVE_ARCH = YES;
				SDKROOT = iphoneos;
				SWIFT_ACTIVE_COMPILATION_CONDITIONS = DEBUG;
				SWIFT_OPTIMIZATION_LEVEL = "-Onone";
			};
			name = Debug;
		};
		B7D76E0022665FB800FE9201 /* Release */ = {
			isa = XCBuildConfiguration;
			buildSettings = {
				ALWAYS_SEARCH_USER_PATHS = NO;
				CLANG_ANALYZER_NONNULL = YES;
				CLANG_ANALYZER_NUMBER_OBJECT_CONVERSION = YES_AGGRESSIVE;
				CLANG_CXX_LANGUAGE_STANDARD = "gnu++14";
				CLANG_CXX_LIBRARY = "libc++";
				CLANG_ENABLE_MODULES = YES;
				CLANG_ENABLE_OBJC_ARC = YES;
				CLANG_ENABLE_OBJC_WEAK = YES;
				CLANG_WARN_BLOCK_CAPTURE_AUTORELEASING = YES;
				CLANG_WARN_BOOL_CONVERSION = YES;
				CLANG_WARN_COMMA = YES;
				CLANG_WARN_CONSTANT_CONVERSION = YES;
				CLANG_WARN_DEPRECATED_OBJC_IMPLEMENTATIONS = YES;
				CLANG_WARN_DIRECT_OBJC_ISA_USAGE = YES_ERROR;
				CLANG_WARN_DOCUMENTATION_COMMENTS = YES;
				CLANG_WARN_EMPTY_BODY = YES;
				CLANG_WARN_ENUM_CONVERSION = YES;
				CLANG_WARN_INFINITE_RECURSION = YES;
				CLANG_WARN_INT_CONVERSION = YES;
				CLANG_WARN_NON_LITERAL_NULL_CONVERSION = YES;
				CLANG_WARN_OBJC_IMPLICIT_RETAIN_SELF = YES;
				CLANG_WARN_OBJC_LITERAL_CONVERSION = YES;
				CLANG_WARN_OBJC_ROOT_CLASS = YES_ERROR;
				CLANG_WARN_RANGE_LOOP_ANALYSIS = YES;
				CLANG_WARN_STRICT_PROTOTYPES = YES;
				CLANG_WARN_SUSPICIOUS_MOVE = YES;
				CLANG_WARN_UNGUARDED_AVAILABILITY = YES_AGGRESSIVE;
				CLANG_WARN_UNREACHABLE_CODE = YES;
				CLANG_WARN__DUPLICATE_METHOD_MATCH = YES;
				CODE_SIGN_IDENTITY = "iPhone Developer";
				COPY_PHASE_STRIP = NO;
				DEBUG_INFORMATION_FORMAT = "dwarf-with-dsym";
				ENABLE_NS_ASSERTIONS = NO;
				ENABLE_STRICT_OBJC_MSGSEND = YES;
				GCC_C_LANGUAGE_STANDARD = gnu11;
				GCC_NO_COMMON_BLOCKS = YES;
				GCC_WARN_64_TO_32_BIT_CONVERSION = YES;
				GCC_WARN_ABOUT_RETURN_TYPE = YES_ERROR;
				GCC_WARN_UNDECLARED_SELECTOR = YES;
				GCC_WARN_UNINITIALIZED_AUTOS = YES_AGGRESSIVE;
				GCC_WARN_UNUSED_FUNCTION = YES;
				GCC_WARN_UNUSED_VARIABLE = YES;
				IPHONEOS_DEPLOYMENT_TARGET = 11.0;
				MTL_ENABLE_DEBUG_INFO = NO;
				MTL_FAST_MATH = YES;
				SDKROOT = iphoneos;
				SWIFT_COMPILATION_MODE = wholemodule;
				SWIFT_OPTIMIZATION_LEVEL = "-O";
				VALIDATE_PRODUCT = YES;
			};
			name = Release;
		};
		B7D76E0222665FB800FE9201 /* Debug */ = {
			isa = XCBuildConfiguration;
			buildSettings = {
				ASSETCATALOG_COMPILER_APPICON_NAME = AppIcon;
				ASSETCATALOG_COMPILER_LAUNCHIMAGE_NAME = LaunchImage;
				CODE_SIGN_STYLE = Automatic;
				DEVELOPMENT_TEAM = H2M6RZ43DE;
				INFOPLIST_FILE = Restaurants/Info.plist;
				LD_RUNPATH_SEARCH_PATHS = (
					"$(inherited)",
					"@executable_path/Frameworks",
				);
				PRODUCT_BUNDLE_IDENTIFIER = akuzminskyi.Restaurants;
				PRODUCT_NAME = "$(TARGET_NAME)";
				SWIFT_VERSION = 5.0;
				TARGETED_DEVICE_FAMILY = 1;
			};
			name = Debug;
		};
		B7D76E0322665FB800FE9201 /* Release */ = {
			isa = XCBuildConfiguration;
			buildSettings = {
				ASSETCATALOG_COMPILER_APPICON_NAME = AppIcon;
				ASSETCATALOG_COMPILER_LAUNCHIMAGE_NAME = LaunchImage;
				CODE_SIGN_STYLE = Automatic;
				DEVELOPMENT_TEAM = H2M6RZ43DE;
				INFOPLIST_FILE = Restaurants/Info.plist;
				LD_RUNPATH_SEARCH_PATHS = (
					"$(inherited)",
					"@executable_path/Frameworks",
				);
				PRODUCT_BUNDLE_IDENTIFIER = akuzminskyi.Restaurants;
				PRODUCT_NAME = "$(TARGET_NAME)";
				SWIFT_VERSION = 5.0;
				TARGETED_DEVICE_FAMILY = 1;
			};
			name = Release;
		};
		B7D76E0522665FB800FE9201 /* Debug */ = {
			isa = XCBuildConfiguration;
			buildSettings = {
				ALWAYS_EMBED_SWIFT_STANDARD_LIBRARIES = YES;
				BUNDLE_LOADER = "$(TEST_HOST)";
				CODE_SIGN_STYLE = Automatic;
				DEVELOPMENT_TEAM = H2M6RZ43DE;
				INFOPLIST_FILE = RestaurantsTests/Info.plist;
				LD_RUNPATH_SEARCH_PATHS = (
					"$(inherited)",
					"@executable_path/Frameworks",
					"@loader_path/Frameworks",
				);
				PRODUCT_BUNDLE_IDENTIFIER = akuzminskyi.RestaurantsTests;
				PRODUCT_NAME = "$(TARGET_NAME)";
				SWIFT_VERSION = 5.0;
				TARGETED_DEVICE_FAMILY = "1,2";
				TEST_HOST = "$(BUILT_PRODUCTS_DIR)/Restaurants.app/Restaurants";
			};
			name = Debug;
		};
		B7D76E0622665FB800FE9201 /* Release */ = {
			isa = XCBuildConfiguration;
			buildSettings = {
				ALWAYS_EMBED_SWIFT_STANDARD_LIBRARIES = YES;
				BUNDLE_LOADER = "$(TEST_HOST)";
				CODE_SIGN_STYLE = Automatic;
				DEVELOPMENT_TEAM = H2M6RZ43DE;
				INFOPLIST_FILE = RestaurantsTests/Info.plist;
				LD_RUNPATH_SEARCH_PATHS = (
					"$(inherited)",
					"@executable_path/Frameworks",
					"@loader_path/Frameworks",
				);
				PRODUCT_BUNDLE_IDENTIFIER = akuzminskyi.RestaurantsTests;
				PRODUCT_NAME = "$(TARGET_NAME)";
				SWIFT_VERSION = 5.0;
				TARGETED_DEVICE_FAMILY = "1,2";
				TEST_HOST = "$(BUILT_PRODUCTS_DIR)/Restaurants.app/Restaurants";
			};
			name = Release;
		};
/* End XCBuildConfiguration section */

/* Begin XCConfigurationList section */
		B7D76DDF22665FB600FE9201 /* Build configuration list for PBXProject "Restaurants" */ = {
			isa = XCConfigurationList;
			buildConfigurations = (
				B7D76DFF22665FB800FE9201 /* Debug */,
				B7D76E0022665FB800FE9201 /* Release */,
			);
			defaultConfigurationIsVisible = 0;
			defaultConfigurationName = Release;
		};
		B7D76E0122665FB800FE9201 /* Build configuration list for PBXNativeTarget "Restaurants" */ = {
			isa = XCConfigurationList;
			buildConfigurations = (
				B7D76E0222665FB800FE9201 /* Debug */,
				B7D76E0322665FB800FE9201 /* Release */,
			);
			defaultConfigurationIsVisible = 0;
			defaultConfigurationName = Release;
		};
		B7D76E0422665FB800FE9201 /* Build configuration list for PBXNativeTarget "RestaurantsTests" */ = {
			isa = XCConfigurationList;
			buildConfigurations = (
				B7D76E0522665FB800FE9201 /* Debug */,
				B7D76E0622665FB800FE9201 /* Release */,
			);
			defaultConfigurationIsVisible = 0;
			defaultConfigurationName = Release;
		};
/* End XCConfigurationList section */
	};
	rootObject = B7D76DDC22665FB600FE9201 /* Project object */;
}
